
Microsoft Visual Studio Solution File, Format Version 12.00
Project("{FAE04EC0-301F-11D3-BF4B-00C04F79EFBC}") = "SoundFlow", "Src/SoundFlow.csproj", "{D4326C2E-CDB3-47D4-8116-BB3872E81323}"
EndProject
Project("{2150E333-8FDC-42A3-9474-1A3956D46DE8}") = "Src", "Src", "{7841F9AA-861F-4684-8DEC-2828FB3AE048}"
EndProject
Project("{2150E333-8FDC-42A3-9474-1A3956D46DE8}") = "Samples", "Samples", "{BE06375D-0A93-4916-A551-9875089314CC}"
EndProject
Project("{FAE04EC0-301F-11D3-BF4B-00C04F79EFBC}") = "SoundFlow.Samples.SimplePlayer", "Samples\SoundFlow.Samples.SimplePlayer\SoundFlow.Samples.SimplePlayer.csproj", "{11313B38-7DB4-49D9-8828-082CD93412ED}"
EndProject
Project("{FAE04EC0-301F-11D3-BF4B-00C04F79EFBC}") = "SoundFlow.Samples.SwitchDevices", "Samples\SoundFlow.Samples.SwitchDevices\SoundFlow.Samples.SwitchDevices.csproj", "{46559898-2133-42CD-BE0A-B5FA9A31E737}"
EndProject
Project("{FAE04EC0-301F-11D3-BF4B-00C04F79EFBC}") = "SoundFlow.Samples.Loopback", "Samples\SoundFlow.Samples.Loopback\SoundFlow.Samples.Loopback.csproj", "{4BE12E30-3895-4C0B-BB52-A18AFDA60CE7}"
EndProject
Project("{2150E333-8FDC-42A3-9474-1A3956D46DE8}") = "SoundFlow.Samples.AvaloniaCrossPlatofrm", "SoundFlow.Samples.AvaloniaCrossPlatofrm", "{67C39F3C-0239-4119-80C6-A1F82A893847}"
EndProject
Project("{FAE04EC0-301F-11D3-BF4B-00C04F79EFBC}") = "SoundFlow.Samples.AvaloniaCrossPlatform", "Samples\SoundFlow.Samples.AvaloniaCrossPlatform\SoundFlow.Samples.AvaloniaCrossPlatform\SoundFlow.Samples.AvaloniaCrossPlatform.csproj", "{AF3B5AC5-D922-4B82-B627-C745C696BE85}"
EndProject
Project("{FAE04EC0-301F-11D3-BF4B-00C04F79EFBC}") = "SoundFlow.Samples.AvaloniaCrossPlatform.Android", "Samples\SoundFlow.Samples.AvaloniaCrossPlatform\SoundFlow.Samples.AvaloniaCrossPlatform.Android\SoundFlow.Samples.AvaloniaCrossPlatform.Android.csproj", "{D1E38D93-FD09-4B76-9DF2-16A056985C48}"
EndProject
Project("{FAE04EC0-301F-11D3-BF4B-00C04F79EFBC}") = "SoundFlow.Samples.AvaloniaCrossPlatform.Desktop", "Samples\SoundFlow.Samples.AvaloniaCrossPlatform\SoundFlow.Samples.AvaloniaCrossPlatform.Desktop\SoundFlow.Samples.AvaloniaCrossPlatform.Desktop.csproj", "{3CE9D69C-AEC8-4C68-96CD-6099EAF7B19C}"
EndProject
Project("{FAE04EC0-301F-11D3-BF4B-00C04F79EFBC}") = "SoundFlow.Samples.AvaloniaCrossPlatform.iOS", "Samples\SoundFlow.Samples.AvaloniaCrossPlatform\SoundFlow.Samples.AvaloniaCrossPlatform.iOS\SoundFlow.Samples.AvaloniaCrossPlatform.iOS.csproj", "{2F558606-F929-4978-B1C6-C83C7A7771B5}"
EndProject
Project("{FAE04EC0-301F-11D3-BF4B-00C04F79EFBC}") = "SoundFlow.Samples.AvaloniaCrossPlatform.Browser", "Samples\SoundFlow.Samples.AvaloniaCrossPlatform\SoundFlow.Samples.AvaloniaCrossPlatform.Browser\SoundFlow.Samples.AvaloniaCrossPlatform.Browser.csproj", "{028159EE-BC76-4907-B424-AB754D549678}"
EndProject
Global
	GlobalSection(SolutionConfigurationPlatforms) = preSolution
		Debug|Any CPU = Debug|Any CPU
		Release|Any CPU = Release|Any CPU
	EndGlobalSection
	GlobalSection(ProjectConfigurationPlatforms) = postSolution
		{D4326C2E-CDB3-47D4-8116-BB3872E81323}.Debug|Any CPU.ActiveCfg = Debug|Any CPU
		{D4326C2E-CDB3-47D4-8116-BB3872E81323}.Debug|Any CPU.Build.0 = Debug|Any CPU
		{D4326C2E-CDB3-47D4-8116-BB3872E81323}.Release|Any CPU.ActiveCfg = Release|Any CPU
		{D4326C2E-CDB3-47D4-8116-BB3872E81323}.Release|Any CPU.Build.0 = Release|Any CPU
		{11313B38-7DB4-49D9-8828-082CD93412ED}.Debug|Any CPU.ActiveCfg = Debug|Any CPU
		{11313B38-7DB4-49D9-8828-082CD93412ED}.Debug|Any CPU.Build.0 = Debug|Any CPU
		{11313B38-7DB4-49D9-8828-082CD93412ED}.Release|Any CPU.ActiveCfg = Release|Any CPU
		{11313B38-7DB4-49D9-8828-082CD93412ED}.Release|Any CPU.Build.0 = Release|Any CPU
		{46559898-2133-42CD-BE0A-B5FA9A31E737}.Debug|Any CPU.ActiveCfg = Debug|Any CPU
		{46559898-2133-42CD-BE0A-B5FA9A31E737}.Debug|Any CPU.Build.0 = Debug|Any CPU
		{46559898-2133-42CD-BE0A-B5FA9A31E737}.Release|Any CPU.ActiveCfg = Release|Any CPU
		{46559898-2133-42CD-BE0A-B5FA9A31E737}.Release|Any CPU.Build.0 = Release|Any CPU
		{4BE12E30-3895-4C0B-BB52-A18AFDA60CE7}.Debug|Any CPU.ActiveCfg = Debug|Any CPU
		{4BE12E30-3895-4C0B-BB52-A18AFDA60CE7}.Debug|Any CPU.Build.0 = Debug|Any CPU
		{4BE12E30-3895-4C0B-BB52-A18AFDA60CE7}.Release|Any CPU.ActiveCfg = Release|Any CPU
		{4BE12E30-3895-4C0B-BB52-A18AFDA60CE7}.Release|Any CPU.Build.0 = Release|Any CPU
		{AF3B5AC5-D922-4B82-B627-C745C696BE85}.Debug|Any CPU.ActiveCfg = Debug|Any CPU
		{AF3B5AC5-D922-4B82-B627-C745C696BE85}.Debug|Any CPU.Build.0 = Debug|Any CPU
		{AF3B5AC5-D922-4B82-B627-C745C696BE85}.Release|Any CPU.ActiveCfg = Release|Any CPU
		{AF3B5AC5-D922-4B82-B627-C745C696BE85}.Release|Any CPU.Build.0 = Release|Any CPU
		{D1E38D93-FD09-4B76-9DF2-16A056985C48}.Debug|Any CPU.ActiveCfg = Debug|Any CPU
		{D1E38D93-FD09-4B76-9DF2-16A056985C48}.Debug|Any CPU.Build.0 = Debug|Any CPU
		{D1E38D93-FD09-4B76-9DF2-16A056985C48}.Release|Any CPU.ActiveCfg = Release|Any CPU
		{D1E38D93-FD09-4B76-9DF2-16A056985C48}.Release|Any CPU.Build.0 = Release|Any CPU
		{3CE9D69C-AEC8-4C68-96CD-6099EAF7B19C}.Debug|Any CPU.ActiveCfg = Debug|Any CPU
		{3CE9D69C-AEC8-4C68-96CD-6099EAF7B19C}.Debug|Any CPU.Build.0 = Debug|Any CPU
		{3CE9D69C-AEC8-4C68-96CD-6099EAF7B19C}.Release|Any CPU.ActiveCfg = Release|Any CPU
		{3CE9D69C-AEC8-4C68-96CD-6099EAF7B19C}.Release|Any CPU.Build.0 = Release|Any CPU
		{2F558606-F929-4978-B1C6-C83C7A7771B5}.Debug|Any CPU.ActiveCfg = Debug|Any CPU
		{2F558606-F929-4978-B1C6-C83C7A7771B5}.Debug|Any CPU.Build.0 = Debug|Any CPU
		{2F558606-F929-4978-B1C6-C83C7A7771B5}.Release|Any CPU.ActiveCfg = Release|Any CPU
		{2F558606-F929-4978-B1C6-C83C7A7771B5}.Release|Any CPU.Build.0 = Release|Any CPU
		{028159EE-BC76-4907-B424-AB754D549678}.Debug|Any CPU.ActiveCfg = Debug|Any CPU
		{028159EE-BC76-4907-B424-AB754D549678}.Debug|Any CPU.Build.0 = Debug|Any CPU
		{028159EE-BC76-4907-B424-AB754D549678}.Release|Any CPU.ActiveCfg = Release|Any CPU
		{028159EE-BC76-4907-B424-AB754D549678}.Release|Any CPU.Build.0 = Release|Any CPU
	EndGlobalSection
	GlobalSection(NestedProjects) = preSolution
		{D4326C2E-CDB3-47D4-8116-BB3872E81323} = {7841F9AA-861F-4684-8DEC-2828FB3AE048}
		{11313B38-7DB4-49D9-8828-082CD93412ED} = {BE06375D-0A93-4916-A551-9875089314CC}
		{46559898-2133-42CD-BE0A-B5FA9A31E737} = {BE06375D-0A93-4916-A551-9875089314CC}
		{4BE12E30-3895-4C0B-BB52-A18AFDA60CE7} = {BE06375D-0A93-4916-A551-9875089314CC}
		{67C39F3C-0239-4119-80C6-A1F82A893847} = {BE06375D-0A93-4916-A551-9875089314CC}
		{AF3B5AC5-D922-4B82-B627-C745C696BE85} = {67C39F3C-0239-4119-80C6-A1F82A893847}
		{D1E38D93-FD09-4B76-9DF2-16A056985C48} = {67C39F3C-0239-4119-80C6-A1F82A893847}
		{3CE9D69C-AEC8-4C68-96CD-6099EAF7B19C} = {67C39F3C-0239-4119-80C6-A1F82A893847}
		{2F558606-F929-4978-B1C6-C83C7A7771B5} = {67C39F3C-0239-4119-80C6-A1F82A893847}
		{028159EE-BC76-4907-B424-AB754D549678} = {67C39F3C-0239-4119-80C6-A1F82A893847}
	EndGlobalSection
EndGlobal
